
Microsoft Visual Studio Solution File, Format Version 12.00
# Visual Studio 15
VisualStudioVersion = 15.0.27130.2003
MinimumVisualStudioVersion = 10.0.40219.1
Project("{FAE04EC0-301F-11D3-BF4B-00C04F79EFBC}") = "December01", "December01\December01.csproj", "{AFCD2F1A-76F0-4A23-AA36-745A8F7EA3BF}"
EndProject
Project("{FAE04EC0-301F-11D3-BF4B-00C04F79EFBC}") = "December02", "December02\December02.csproj", "{541F818A-0AF0-49D9-AD21-1CA1D4A057B1}"
EndProject
Project("{FAE04EC0-301F-11D3-BF4B-00C04F79EFBC}") = "December03", "December03\December03.csproj", "{01C7CB79-EA3C-427F-8746-D7689B7E2415}"
EndProject
Project("{FAE04EC0-301F-11D3-BF4B-00C04F79EFBC}") = "December04", "December04\December04.csproj", "{123CA394-2CA2-4AF6-AAA9-D068A35EFD12}"
EndProject
Project("{FAE04EC0-301F-11D3-BF4B-00C04F79EFBC}") = "December05", "December05\December05.csproj", "{0F6AD320-BC6A-4463-A56E-A43F627F4487}"
EndProject
Project("{FAE04EC0-301F-11D3-BF4B-00C04F79EFBC}") = "December06", "December06\December06.csproj", "{83FA6828-B27D-44C8-BCB2-B217E6FA88BE}"
EndProject
Project("{FAE04EC0-301F-11D3-BF4B-00C04F79EFBC}") = "December07", "December07\December07.csproj", "{79899551-2DC3-4F28-93C6-A4F94312B1B2}"
EndProject
Project("{FAE04EC0-301F-11D3-BF4B-00C04F79EFBC}") = "December08", "December08\December08.csproj", "{5D9DC31C-C234-42AA-AE48-1E688EE1BA26}"
EndProject
Project("{FAE04EC0-301F-11D3-BF4B-00C04F79EFBC}") = "December09", "December09\December09.csproj", "{271673BC-B38F-478E-BA0C-5872A0DF3E22}"
EndProject
Project("{FAE04EC0-301F-11D3-BF4B-00C04F79EFBC}") = "December10", "December10\December10.csproj", "{AEE361E8-ADC6-4634-B0EF-61E0503D4BD7}"
EndProject
Project("{FAE04EC0-301F-11D3-BF4B-00C04F79EFBC}") = "December11", "December11\December11.csproj", "{079E04BA-6A91-47A6-9D88-136255FF404E}"
EndProject
Project("{FAE04EC0-301F-11D3-BF4B-00C04F79EFBC}") = "December12", "December12\December12.csproj", "{A83CE1B1-2140-4B7F-BA90-92F2271F5A82}"
EndProject
Project("{FAE04EC0-301F-11D3-BF4B-00C04F79EFBC}") = "December13", "December13\December13.csproj", "{F786D150-AF94-46F3-A97E-D0C00E668F18}"
EndProject
Project("{FAE04EC0-301F-11D3-BF4B-00C04F79EFBC}") = "December15", "December15\December15.csproj", "{0B1CEC43-C5D4-4020-89FC-4A1F51224483}"
EndProject
Project("{FAE04EC0-301F-11D3-BF4B-00C04F79EFBC}") = "December20", "December20\December20.csproj", "{D5365A1A-32CB-4F0E-AFC3-020A525B3537}"
EndProject
Project("{FAE04EC0-301F-11D3-BF4B-00C04F79EFBC}") = "December14", "December14\December14.csproj", "{1C09A083-19A6-4A4E-94B5-3CB5DE02B9A9}"
EndProject
Project("{FAE04EC0-301F-11D3-BF4B-00C04F79EFBC}") = "December16", "December16\December16.csproj", "{9C33C48E-9726-4C17-A581-AE7BBABC6CE0}"
EndProject
Project("{FAE04EC0-301F-11D3-BF4B-00C04F79EFBC}") = "December23", "December23\December23.csproj", "{74CE4006-6F03-4874-A1B0-EC3985D5CF87}"
EndProject
Project("{FAE04EC0-301F-11D3-BF4B-00C04F79EFBC}") = "December18", "December18\December18.csproj", "{C13F7F42-42F2-4BFA-93F6-F64AB9223BE7}"
EndProject
Project("{FAE04EC0-301F-11D3-BF4B-00C04F79EFBC}") = "December19", "December19\December19.csproj", "{ECF1FE2D-1938-4803-8175-ED15738BE9FB}"
EndProject
Project("{FAE04EC0-301F-11D3-BF4B-00C04F79EFBC}") = "December22", "December22\December22.csproj", "{24B48528-8D20-430F-93FD-443479264B0C}"
EndProject
Project("{FAE04EC0-301F-11D3-BF4B-00C04F79EFBC}") = "December24", "December24\December24.csproj", "{5F08EBEF-04C6-4782-9F74-9F55AA100437}"
EndProject
Project("{FAE04EC0-301F-11D3-BF4B-00C04F79EFBC}") = "December25", "December25\December25.csproj", "{9B282C4D-F7E3-4A5F-8AA3-915842912C39}"
EndProject
Global
	GlobalSection(SolutionConfigurationPlatforms) = preSolution
		Debug|Any CPU = Debug|Any CPU
		Release|Any CPU = Release|Any CPU
	EndGlobalSection
	GlobalSection(ProjectConfigurationPlatforms) = postSolution
		{AFCD2F1A-76F0-4A23-AA36-745A8F7EA3BF}.Debug|Any CPU.ActiveCfg = Debug|Any CPU
		{AFCD2F1A-76F0-4A23-AA36-745A8F7EA3BF}.Debug|Any CPU.Build.0 = Debug|Any CPU
		{AFCD2F1A-76F0-4A23-AA36-745A8F7EA3BF}.Release|Any CPU.ActiveCfg = Release|Any CPU
		{AFCD2F1A-76F0-4A23-AA36-745A8F7EA3BF}.Release|Any CPU.Build.0 = Release|Any CPU
		{541F818A-0AF0-49D9-AD21-1CA1D4A057B1}.Debug|Any CPU.ActiveCfg = Debug|Any CPU
		{541F818A-0AF0-49D9-AD21-1CA1D4A057B1}.Debug|Any CPU.Build.0 = Debug|Any CPU
		{541F818A-0AF0-49D9-AD21-1CA1D4A057B1}.Release|Any CPU.ActiveCfg = Release|Any CPU
		{541F818A-0AF0-49D9-AD21-1CA1D4A057B1}.Release|Any CPU.Build.0 = Release|Any CPU
		{01C7CB79-EA3C-427F-8746-D7689B7E2415}.Debug|Any CPU.ActiveCfg = Debug|Any CPU
		{01C7CB79-EA3C-427F-8746-D7689B7E2415}.Debug|Any CPU.Build.0 = Debug|Any CPU
		{01C7CB79-EA3C-427F-8746-D7689B7E2415}.Release|Any CPU.ActiveCfg = Release|Any CPU
		{01C7CB79-EA3C-427F-8746-D7689B7E2415}.Release|Any CPU.Build.0 = Release|Any CPU
		{123CA394-2CA2-4AF6-AAA9-D068A35EFD12}.Debug|Any CPU.ActiveCfg = Debug|Any CPU
		{123CA394-2CA2-4AF6-AAA9-D068A35EFD12}.Debug|Any CPU.Build.0 = Debug|Any CPU
		{123CA394-2CA2-4AF6-AAA9-D068A35EFD12}.Release|Any CPU.ActiveCfg = Release|Any CPU
		{123CA394-2CA2-4AF6-AAA9-D068A35EFD12}.Release|Any CPU.Build.0 = Release|Any CPU
		{0F6AD320-BC6A-4463-A56E-A43F627F4487}.Debug|Any CPU.ActiveCfg = Debug|Any CPU
		{0F6AD320-BC6A-4463-A56E-A43F627F4487}.Debug|Any CPU.Build.0 = Debug|Any CPU
		{0F6AD320-BC6A-4463-A56E-A43F627F4487}.Release|Any CPU.ActiveCfg = Release|Any CPU
		{0F6AD320-BC6A-4463-A56E-A43F627F4487}.Release|Any CPU.Build.0 = Release|Any CPU
		{83FA6828-B27D-44C8-BCB2-B217E6FA88BE}.Debug|Any CPU.ActiveCfg = Debug|Any CPU
		{83FA6828-B27D-44C8-BCB2-B217E6FA88BE}.Debug|Any CPU.Build.0 = Debug|Any CPU
		{83FA6828-B27D-44C8-BCB2-B217E6FA88BE}.Release|Any CPU.ActiveCfg = Release|Any CPU
		{83FA6828-B27D-44C8-BCB2-B217E6FA88BE}.Release|Any CPU.Build.0 = Release|Any CPU
		{79899551-2DC3-4F28-93C6-A4F94312B1B2}.Debug|Any CPU.ActiveCfg = Debug|Any CPU
		{79899551-2DC3-4F28-93C6-A4F94312B1B2}.Debug|Any CPU.Build.0 = Debug|Any CPU
		{79899551-2DC3-4F28-93C6-A4F94312B1B2}.Release|Any CPU.ActiveCfg = Release|Any CPU
		{79899551-2DC3-4F28-93C6-A4F94312B1B2}.Release|Any CPU.Build.0 = Release|Any CPU
		{5D9DC31C-C234-42AA-AE48-1E688EE1BA26}.Debug|Any CPU.ActiveCfg = Debug|Any CPU
		{5D9DC31C-C234-42AA-AE48-1E688EE1BA26}.Debug|Any CPU.Build.0 = Debug|Any CPU
		{5D9DC31C-C234-42AA-AE48-1E688EE1BA26}.Release|Any CPU.ActiveCfg = Release|Any CPU
		{5D9DC31C-C234-42AA-AE48-1E688EE1BA26}.Release|Any CPU.Build.0 = Release|Any CPU
		{271673BC-B38F-478E-BA0C-5872A0DF3E22}.Debug|Any CPU.ActiveCfg = Debug|Any CPU
		{271673BC-B38F-478E-BA0C-5872A0DF3E22}.Debug|Any CPU.Build.0 = Debug|Any CPU
		{271673BC-B38F-478E-BA0C-5872A0DF3E22}.Release|Any CPU.ActiveCfg = Release|Any CPU
		{271673BC-B38F-478E-BA0C-5872A0DF3E22}.Release|Any CPU.Build.0 = Release|Any CPU
		{AEE361E8-ADC6-4634-B0EF-61E0503D4BD7}.Debug|Any CPU.ActiveCfg = Debug|Any CPU
		{AEE361E8-ADC6-4634-B0EF-61E0503D4BD7}.Debug|Any CPU.Build.0 = Debug|Any CPU
		{AEE361E8-ADC6-4634-B0EF-61E0503D4BD7}.Release|Any CPU.ActiveCfg = Release|Any CPU
		{AEE361E8-ADC6-4634-B0EF-61E0503D4BD7}.Release|Any CPU.Build.0 = Release|Any CPU
		{079E04BA-6A91-47A6-9D88-136255FF404E}.Debug|Any CPU.ActiveCfg = Debug|Any CPU
		{079E04BA-6A91-47A6-9D88-136255FF404E}.Debug|Any CPU.Build.0 = Debug|Any CPU
		{079E04BA-6A91-47A6-9D88-136255FF404E}.Release|Any CPU.ActiveCfg = Release|Any CPU
		{079E04BA-6A91-47A6-9D88-136255FF404E}.Release|Any CPU.Build.0 = Release|Any CPU
		{A83CE1B1-2140-4B7F-BA90-92F2271F5A82}.Debug|Any CPU.ActiveCfg = Debug|Any CPU
		{A83CE1B1-2140-4B7F-BA90-92F2271F5A82}.Debug|Any CPU.Build.0 = Debug|Any CPU
		{A83CE1B1-2140-4B7F-BA90-92F2271F5A82}.Release|Any CPU.ActiveCfg = Release|Any CPU
		{A83CE1B1-2140-4B7F-BA90-92F2271F5A82}.Release|Any CPU.Build.0 = Release|Any CPU
		{F786D150-AF94-46F3-A97E-D0C00E668F18}.Debug|Any CPU.ActiveCfg = Debug|Any CPU
		{F786D150-AF94-46F3-A97E-D0C00E668F18}.Debug|Any CPU.Build.0 = Debug|Any CPU
		{F786D150-AF94-46F3-A97E-D0C00E668F18}.Release|Any CPU.ActiveCfg = Release|Any CPU
		{F786D150-AF94-46F3-A97E-D0C00E668F18}.Release|Any CPU.Build.0 = Release|Any CPU
		{0B1CEC43-C5D4-4020-89FC-4A1F51224483}.Debug|Any CPU.ActiveCfg = Debug|Any CPU
		{0B1CEC43-C5D4-4020-89FC-4A1F51224483}.Debug|Any CPU.Build.0 = Debug|Any CPU
		{0B1CEC43-C5D4-4020-89FC-4A1F51224483}.Release|Any CPU.ActiveCfg = Release|Any CPU
		{0B1CEC43-C5D4-4020-89FC-4A1F51224483}.Release|Any CPU.Build.0 = Release|Any CPU
		{D5365A1A-32CB-4F0E-AFC3-020A525B3537}.Debug|Any CPU.ActiveCfg = Debug|Any CPU
		{D5365A1A-32CB-4F0E-AFC3-020A525B3537}.Debug|Any CPU.Build.0 = Debug|Any CPU
		{D5365A1A-32CB-4F0E-AFC3-020A525B3537}.Release|Any CPU.ActiveCfg = Release|Any CPU
		{D5365A1A-32CB-4F0E-AFC3-020A525B3537}.Release|Any CPU.Build.0 = Release|Any CPU
		{1C09A083-19A6-4A4E-94B5-3CB5DE02B9A9}.Debug|Any CPU.ActiveCfg = Debug|Any CPU
		{1C09A083-19A6-4A4E-94B5-3CB5DE02B9A9}.Debug|Any CPU.Build.0 = Debug|Any CPU
		{1C09A083-19A6-4A4E-94B5-3CB5DE02B9A9}.Release|Any CPU.ActiveCfg = Release|Any CPU
		{1C09A083-19A6-4A4E-94B5-3CB5DE02B9A9}.Release|Any CPU.Build.0 = Release|Any CPU
		{9C33C48E-9726-4C17-A581-AE7BBABC6CE0}.Debug|Any CPU.ActiveCfg = Debug|Any CPU
		{9C33C48E-9726-4C17-A581-AE7BBABC6CE0}.Debug|Any CPU.Build.0 = Debug|Any CPU
		{9C33C48E-9726-4C17-A581-AE7BBABC6CE0}.Release|Any CPU.ActiveCfg = Release|Any CPU
		{9C33C48E-9726-4C17-A581-AE7BBABC6CE0}.Release|Any CPU.Build.0 = Release|Any CPU
		{74CE4006-6F03-4874-A1B0-EC3985D5CF87}.Debug|Any CPU.ActiveCfg = Debug|Any CPU
		{74CE4006-6F03-4874-A1B0-EC3985D5CF87}.Debug|Any CPU.Build.0 = Debug|Any CPU
		{74CE4006-6F03-4874-A1B0-EC3985D5CF87}.Release|Any CPU.ActiveCfg = Release|Any CPU
		{74CE4006-6F03-4874-A1B0-EC3985D5CF87}.Release|Any CPU.Build.0 = Release|Any CPU
		{C13F7F42-42F2-4BFA-93F6-F64AB9223BE7}.Debug|Any CPU.ActiveCfg = Debug|Any CPU
		{C13F7F42-42F2-4BFA-93F6-F64AB9223BE7}.Debug|Any CPU.Build.0 = Debug|Any CPU
		{C13F7F42-42F2-4BFA-93F6-F64AB9223BE7}.Release|Any CPU.ActiveCfg = Release|Any CPU
		{C13F7F42-42F2-4BFA-93F6-F64AB9223BE7}.Release|Any CPU.Build.0 = Release|Any CPU
		{ECF1FE2D-1938-4803-8175-ED15738BE9FB}.Debug|Any CPU.ActiveCfg = Debug|Any CPU
		{ECF1FE2D-1938-4803-8175-ED15738BE9FB}.Debug|Any CPU.Build.0 = Debug|Any CPU
		{ECF1FE2D-1938-4803-8175-ED15738BE9FB}.Release|Any CPU.ActiveCfg = Release|Any CPU
		{ECF1FE2D-1938-4803-8175-ED15738BE9FB}.Release|Any CPU.Build.0 = Release|Any CPU
		{24B48528-8D20-430F-93FD-443479264B0C}.Debug|Any CPU.ActiveCfg = Debug|Any CPU
		{24B48528-8D20-430F-93FD-443479264B0C}.Debug|Any CPU.Build.0 = Debug|Any CPU
		{24B48528-8D20-430F-93FD-443479264B0C}.Release|Any CPU.ActiveCfg = Release|Any CPU
		{24B48528-8D20-430F-93FD-443479264B0C}.Release|Any CPU.Build.0 = Release|Any CPU
		{5F08EBEF-04C6-4782-9F74-9F55AA100437}.Debug|Any CPU.ActiveCfg = Debug|Any CPU
		{5F08EBEF-04C6-4782-9F74-9F55AA100437}.Debug|Any CPU.Build.0 = Debug|Any CPU
		{5F08EBEF-04C6-4782-9F74-9F55AA100437}.Release|Any CPU.ActiveCfg = Release|Any CPU
		{5F08EBEF-04C6-4782-9F74-9F55AA100437}.Release|Any CPU.Build.0 = Release|Any CPU
		{9B282C4D-F7E3-4A5F-8AA3-915842912C39}.Debug|Any CPU.ActiveCfg = Debug|Any CPU
		{9B282C4D-F7E3-4A5F-8AA3-915842912C39}.Debug|Any CPU.Build.0 = Debug|Any CPU
		{9B282C4D-F7E3-4A5F-8AA3-915842912C39}.Release|Any CPU.ActiveCfg = Release|Any CPU
		{9B282C4D-F7E3-4A5F-8AA3-915842912C39}.Release|Any CPU.Build.0 = Release|Any CPU
	EndGlobalSection
	GlobalSection(SolutionProperties) = preSolution
		HideSolutionNode = FALSE
	EndGlobalSection
	GlobalSection(ExtensibilityGlobals) = postSolution
		SolutionGuid = {A449F692-B3B9-4115-8651-2E117301D741}
	EndGlobalSection
EndGlobal
